github.com/TwoMental/modbus v0.1.0 h1:+LiVwZejReNTH1kivKB5UvOsPJGHlADgoc2SWAdG2+o=
github.com/TwoMental/modbus v0.1.0/go.mod h1:Qd3v6S3e+m3k7w+g0hSYQdwdA1tCoq2y6i0+d8hoyYg=
github.com/goburrow/serial v0.1.0 h1:v2T1SQa/dlUqQiYIT8+Cu7YolfqAi3K96UmhwYyuSrA=
github.com/goburrow/serial v0.1.0/go.mod h1:sAiqG0nRVswsm1C97xsttiYCzSLBmUZ/VSlVLZJ8haA=
github.com/pkg/errors v0.9.1 h1:FEBLx1zS214owpjy7qsBeixbURkuhQAwrK5UwLGTwt4=
github.com/pkg/errors v0.9.1/go.mod h1:bwawxfHBFNV+L2hUp1rHADufV3IMtnDRdf1r5NINEl0=
